
Microsoft Visual Studio Solution File, Format Version 12.00
# Visual Studio Version 17
VisualStudioVersion = 17.1.32210.238
MinimumVisualStudioVersion = 10.0.40219.1
Project("{FAE04EC0-301F-11D3-BF4B-00C04F79EFBC}") = "Nfto", "nfto\Nfto.csproj", "{24312C9F-9F13-4BF9-9457-4CFFD745136C}"
EndProject
Project("{FAE04EC0-301F-11D3-BF4B-00C04F79EFBC}") = "Nfto.Tests", "Nfto.Tests\Nfto.Tests.csproj", "{BEF3AAA3-6FAC-4177-AAFE-524DF2B39127}"
EndProject
Project("{FAE04EC0-301F-11D3-BF4B-00C04F79EFBC}") = "Nfto.DAL", "Nfto.DAL\Nfto.DAL.csproj", "{66626BF9-BDA1-4CD3-89E2-BEB5FEAF972E}"
EndProject
Global
	GlobalSection(SolutionConfigurationPlatforms) = preSolution
		Debug|Any CPU = Debug|Any CPU
		Release|Any CPU = Release|Any CPU
	EndGlobalSection
	GlobalSection(ProjectConfigurationPlatforms) = postSolution
		{24312C9F-9F13-4BF9-9457-4CFFD745136C}.Debug|Any CPU.ActiveCfg = Debug|Any CPU
		{24312C9F-9F13-4BF9-9457-4CFFD745136C}.Debug|Any CPU.Build.0 = Debug|Any CPU
		{24312C9F-9F13-4BF9-9457-4CFFD745136C}.Release|Any CPU.ActiveCfg = Release|Any CPU
		{24312C9F-9F13-4BF9-9457-4CFFD745136C}.Release|Any CPU.Build.0 = Release|Any CPU
		{BEF3AAA3-6FAC-4177-AAFE-524DF2B39127}.Debug|Any CPU.ActiveCfg = Debug|Any CPU
		{BEF3AAA3-6FAC-4177-AAFE-524DF2B39127}.Debug|Any CPU.Build.0 = Debug|Any CPU
		{BEF3AAA3-6FAC-4177-AAFE-524DF2B39127}.Release|Any CPU.ActiveCfg = Release|Any CPU
		{BEF3AAA3-6FAC-4177-AAFE-524DF2B39127}.Release|Any CPU.Build.0 = Release|Any CPU
		{66626BF9-BDA1-4CD3-89E2-BEB5FEAF972E}.Debug|Any CPU.ActiveCfg = Debug|Any CPU
		{66626BF9-BDA1-4CD3-89E2-BEB5FEAF972E}.Debug|Any CPU.Build.0 = Debug|Any CPU
		{66626BF9-BDA1-4CD3-89E2-BEB5FEAF972E}.Release|Any CPU.ActiveCfg = Release|Any CPU
		{66626BF9-BDA1-4CD3-89E2-BEB5FEAF972E}.Release|Any CPU.Build.0 = Release|Any CPU
	EndGlobalSection
	GlobalSection(SolutionProperties) = preSolution
		HideSolutionNode = FALSE
	EndGlobalSection
	GlobalSection(ExtensibilityGlobals) = postSolution
		SolutionGuid = {4948186E-A39E-4700-99C1-B3AE3C738D03}
	EndGlobalSection
EndGlobal
